
Microsoft Visual Studio Solution File, Format Version 12.00
# Visual Studio 14
VisualStudioVersion = 14.0.22609.0
MinimumVisualStudioVersion = 10.0.40219.1
Project("{2150E333-8FDC-42A3-9474-1A3956D46DE8}") = "src", "src", "{11551492-1310-4B99-9608-C68427BFF477}"
EndProject
Project("{2150E333-8FDC-42A3-9474-1A3956D46DE8}") = "Solution Items", "Solution Items", "{29D9E2CE-6AEF-4AEB-9178-5FB199653209}"
	ProjectSection(SolutionItems) = preProject
		global.json = global.json
	EndProjectSection
EndProject
Project("{8BB2217D-0F2D-49D1-97BC-3654ED321F3B}") = "WebApiSecurityDemo", "src\WebApiSecurityDemo\WebApiSecurityDemo.kproj", "{5C8DB161-462A-40A6-9948-D399F5973AA4}"
EndProject
Global
	GlobalSection(SolutionConfigurationPlatforms) = preSolution
		Debug|Any CPU = Debug|Any CPU
		Release|Any CPU = Release|Any CPU
	EndGlobalSection
	GlobalSection(ProjectConfigurationPlatforms) = postSolution
		{5C8DB161-462A-40A6-9948-D399F5973AA4}.Debug|Any CPU.ActiveCfg = Debug|Any CPU
		{5C8DB161-462A-40A6-9948-D399F5973AA4}.Debug|Any CPU.Build.0 = Debug|Any CPU
		{5C8DB161-462A-40A6-9948-D399F5973AA4}.Release|Any CPU.ActiveCfg = Release|Any CPU
		{5C8DB161-462A-40A6-9948-D399F5973AA4}.Release|Any CPU.Build.0 = Release|Any CPU
	EndGlobalSection
	GlobalSection(SolutionProperties) = preSolution
		HideSolutionNode = FALSE
	EndGlobalSection
	GlobalSection(NestedProjects) = preSolution
		{5C8DB161-462A-40A6-9948-D399F5973AA4} = {11551492-1310-4B99-9608-C68427BFF477}
	EndGlobalSection
EndGlobal
